// !$*UTF8*$!
{
	archiveVersion = 1;
	classes = {
	};
	objectVersion = 56;
	objects = {

/* Begin PBXBuildFile section */
		551FB77B2B6962630054C482 /* AppDelegate.swift in Sources */ = {isa = PBXBuildFile; fileRef = 551FB77A2B6962630054C482 /* AppDelegate.swift */; };
		551FB77D2B6962630054C482 /* SceneDelegate.swift in Sources */ = {isa = PBXBuildFile; fileRef = 551FB77C2B6962630054C482 /* SceneDelegate.swift */; };
		551FB77F2B6962630054C482 /* ViewController.swift in Sources */ = {isa = PBXBuildFile; fileRef = 551FB77E2B6962630054C482 /* ViewController.swift */; };
		551FB7822B6962630054C482 /* Main.storyboard in Resources */ = {isa = PBXBuildFile; fileRef = 551FB7802B6962630054C482 /* Main.storyboard */; };
		551FB7852B6962630054C482 /* CollectionViewTest.xcdatamodeld in Sources */ = {isa = PBXBuildFile; fileRef = 551FB7832B6962630054C482 /* CollectionViewTest.xcdatamodeld */; };
		551FB7872B6962650054C482 /* Assets.xcassets in Resources */ = {isa = PBXBuildFile; fileRef = 551FB7862B6962650054C482 /* Assets.xcassets */; };
		551FB78A2B6962650054C482 /* LaunchScreen.storyboard in Resources */ = {isa = PBXBuildFile; fileRef = 551FB7882B6962650054C482 /* LaunchScreen.storyboard */; };
		551FB7952B6962660054C482 /* CollectionViewTestTests.swift in Sources */ = {isa = PBXBuildFile; fileRef = 551FB7942B6962660054C482 /* CollectionViewTestTests.swift */; };
		551FB79F2B6962660054C482 /* CollectionViewTestUITests.swift in Sources */ = {isa = PBXBuildFile; fileRef = 551FB79E2B6962660054C482 /* CollectionViewTestUITests.swift */; };
		551FB7A12B6962660054C482 /* CollectionViewTestUITestsLaunchTests.swift in Sources */ = {isa = PBXBuildFile; fileRef = 551FB7A02B6962660054C482 /* CollectionViewTestUITestsLaunchTests.swift */; };
		551FB7B12B6963D20054C482 /* CustomCollectionViewCell.swift in Sources */ = {isa = PBXBuildFile; fileRef = 551FB7AF2B6963D20054C482 /* CustomCollectionViewCell.swift */; };
		551FB7B22B6963D20054C482 /* CustomCollectionViewCell.xib in Resources */ = {isa = PBXBuildFile; fileRef = 551FB7B02B6963D20054C482 /* CustomCollectionViewCell.xib */; };
/* End PBXBuildFile section */

/* Begin PBXContainerItemProxy section */
		551FB7912B6962660054C482 /* PBXContainerItemProxy */ = {
			isa = PBXContainerItemProxy;
			containerPortal = 551FB76F2B6962630054C482 /* Project object */;
			proxyType = 1;
			remoteGlobalIDString = 551FB7762B6962630054C482;
			remoteInfo = CollectionViewTest;
		};
		551FB79B2B6962660054C482 /* PBXContainerItemProxy */ = {
			isa = PBXContainerItemProxy;
			containerPortal = 551FB76F2B6962630054C482 /* Project object */;
			proxyType = 1;
			remoteGlobalIDString = 551FB7762B6962630054C482;
			remoteInfo = CollectionViewTest;
		};
/* End PBXContainerItemProxy section */

/* Begin PBXFileReference section */
		551FB7772B6962630054C482 /* CollectionViewTest.app */ = {isa = PBXFileReference; explicitFileType = wrapper.application; includeInIndex = 0; path = CollectionViewTest.app; sourceTree = BUILT_PRODUCTS_DIR; };
		551FB77A2B6962630054C482 /* AppDelegate.swift */ = {isa = PBXFileReference; lastKnownFileType = sourcecode.swift; path = AppDelegate.swift; sourceTree = "<group>"; };
		551FB77C2B6962630054C482 /* SceneDelegate.swift */ = {isa = PBXFileReference; lastKnownFileType = sourcecode.swift; path = SceneDelegate.swift; sourceTree = "<group>"; };
		551FB77E2B6962630054C482 /* ViewController.swift */ = {isa = PBXFileReference; lastKnownFileType = sourcecode.swift; path = ViewController.swift; sourceTree = "<group>"; };
		551FB7812B6962630054C482 /* Base */ = {isa = PBXFileReference; lastKnownFileType = file.storyboard; name = Base; path = Base.lproj/Main.storyboard; sourceTree = "<group>"; };
		551FB7842B6962630054C482 /* CollectionViewTest.xcdatamodel */ = {isa = PBXFileReference; lastKnownFileType = wrapper.xcdatamodel; path = CollectionViewTest.xcdatamodel; sourceTree = "<group>"; };
		551FB7862B6962650054C482 /* Assets.xcassets */ = {isa = PBXFileReference; lastKnownFileType = folder.assetcatalog; path = Assets.xcassets; sourceTree = "<group>"; };
		551FB7892B6962650054C482 /* Base */ = {isa = PBXFileReference; lastKnownFileType = file.storyboard; name = Base; path = Base.lproj/LaunchScreen.storyboard; sourceTree = "<group>"; };
		551FB78B2B6962650054C482 /* Info.plist */ = {isa = PBXFileReference; lastKnownFileType = text.plist.xml; path = Info.plist; sourceTree = "<group>"; };
		551FB7902B6962660054C482 /* CollectionViewTestTests.xctest */ = {isa = PBXFileReference; explicitFileType = wrapper.cfbundle; includeInIndex = 0; path = CollectionViewTestTests.xctest; sourceTree = BUILT_PRODUCTS_DIR; };
		551FB7942B6962660054C482 /* CollectionViewTestTests.swift */ = {isa = PBXFileReference; lastKnownFileType = sourcecode.swift; path = CollectionViewTestTests.swift; sourceTree = "<group>"; };
		551FB79A2B6962660054C482 /* CollectionViewTestUITests.xctest */ = {isa = PBXFileReference; explicitFileType = wrapper.cfbundle; includeInIndex = 0; path = CollectionViewTestUITests.xctest; sourceTree = BUILT_PRODUCTS_DIR; };
		551FB79E2B6962660054C482 /* CollectionViewTestUITests.swift */ = {isa = PBXFileReference; lastKnownFileType = sourcecode.swift; path = CollectionViewTestUITests.swift; sourceTree = "<group>"; };
		551FB7A02B6962660054C482 /* CollectionViewTestUITestsLaunchTests.swift */ = {isa = PBXFileReference; lastKnownFileType = sourcecode.swift; path = CollectionViewTestUITestsLaunchTests.swift; sourceTree = "<group>"; };
		551FB7AF2B6963D20054C482 /* CustomCollectionViewCell.swift */ = {isa = PBXFileReference; lastKnownFileType = sourcecode.swift; path = CustomCollectionViewCell.swift; sourceTree = "<group>"; };
		551FB7B02B6963D20054C482 /* CustomCollectionViewCell.xib */ = {isa = PBXFileReference; lastKnownFileType = file.xib; path = CustomCollectionViewCell.xib; sourceTree = "<group>"; };
/* End PBXFileReference section */

/* Begin PBXFrameworksBuildPhase section */
		551FB7742B6962630054C482 /* Frameworks */ = {
			isa = PBXFrameworksBuildPhase;
			buildActionMask = 2147483647;
			files = (
			);
			runOnlyForDeploymentPostprocessing = 0;
		};
		551FB78D2B6962660054C482 /* Frameworks */ = {
			isa = PBXFrameworksBuildPhase;
			buildActionMask = 2147483647;
			files = (
			);
			runOnlyForDeploymentPostprocessing = 0;
		};
		551FB7972B6962660054C482 /* Frameworks */ = {
			isa = PBXFrameworksBuildPhase;
			buildActionMask = 2147483647;
			files = (
			);
			runOnlyForDeploymentPostprocessing = 0;
		};
/* End PBXFrameworksBuildPhase section */

/* Begin PBXGroup section */
		551FB76E2B6962630054C482 = {
			isa = PBXGroup;
			children = (
				551FB7792B6962630054C482 /* CollectionViewTest */,
				551FB7932B6962660054C482 /* CollectionViewTestTests */,
				551FB79D2B6962660054C482 /* CollectionViewTestUITests */,
				551FB7782B6962630054C482 /* Products */,
			);
			sourceTree = "<group>";
		};
		551FB7782B6962630054C482 /* Products */ = {
			isa = PBXGroup;
			children = (
				551FB7772B6962630054C482 /* CollectionViewTest.app */,
				551FB7902B6962660054C482 /* CollectionViewTestTests.xctest */,
				551FB79A2B6962660054C482 /* CollectionViewTestUITests.xctest */,
			);
			name = Products;
			sourceTree = "<group>";
		};
		551FB7792B6962630054C482 /* CollectionViewTest */ = {
			isa = PBXGroup;
			children = (
				551FB77A2B6962630054C482 /* AppDelegate.swift */,
				551FB77C2B6962630054C482 /* SceneDelegate.swift */,
				551FB77E2B6962630054C482 /* ViewController.swift */,
				551FB7AF2B6963D20054C482 /* CustomCollectionViewCell.swift */,
				551FB7B02B6963D20054C482 /* CustomCollectionViewCell.xib */,
				551FB7802B6962630054C482 /* Main.storyboard */,
				551FB7862B6962650054C482 /* Assets.xcassets */,
				551FB7882B6962650054C482 /* LaunchScreen.storyboard */,
				551FB78B2B6962650054C482 /* Info.plist */,
				551FB7832B6962630054C482 /* CollectionViewTest.xcdatamodeld */,
			);
			path = CollectionViewTest;
			sourceTree = "<group>";
		};
		551FB7932B6962660054C482 /* CollectionViewTestTests */ = {
			isa = PBXGroup;
			children = (
				551FB7942B6962660054C482 /* CollectionViewTestTests.swift */,
			);
			path = CollectionViewTestTests;
			sourceTree = "<group>";
		};
		551FB79D2B6962660054C482 /* CollectionViewTestUITests */ = {
			isa = PBXGroup;
			children = (
				551FB79E2B6962660054C482 /* CollectionViewTestUITests.swift */,
				551FB7A02B6962660054C482 /* CollectionViewTestUITestsLaunchTests.swift */,
			);
			path = CollectionViewTestUITests;
			sourceTree = "<group>";
		};
/* End PBXGroup section */

/* Begin PBXNativeTarget section */
		551FB7762B6962630054C482 /* CollectionViewTest */ = {
			isa = PBXNativeTarget;
			buildConfigurationList = 551FB7A42B6962660054C482 /* Build configuration list for PBXNativeTarget "CollectionViewTest" */;
			buildPhases = (
				551FB7732B6962630054C482 /* Sources */,
				551FB7742B6962630054C482 /* Frameworks */,
				551FB7752B6962630054C482 /* Resources */,
			);
			buildRules = (
			);
			dependencies = (
			);
			name = CollectionViewTest;
			productName = CollectionViewTest;
			productReference = 551FB7772B6962630054C482 /* CollectionViewTest.app */;
			productType = "com.apple.product-type.application";
		};
		551FB78F2B6962660054C482 /* CollectionViewTestTests */ = {
			isa = PBXNativeTarget;
			buildConfigurationList = 551FB7A72B6962660054C482 /* Build configuration list for PBXNativeTarget "CollectionViewTestTests" */;
			buildPhases = (
				551FB78C2B6962660054C482 /* Sources */,
				551FB78D2B6962660054C482 /* Frameworks */,
				551FB78E2B6962660054C482 /* Resources */,
			);
			buildRules = (
			);
			dependencies = (
				551FB7922B6962660054C482 /* PBXTargetDependency */,
			);
			name = CollectionViewTestTests;
			productName = CollectionViewTestTests;
			productReference = 551FB7902B6962660054C482 /* CollectionViewTestTests.xctest */;
			productType = "com.apple.product-type.bundle.unit-test";
		};
		551FB7992B6962660054C482 /* CollectionViewTestUITests */ = {
			isa = PBXNativeTarget;
			buildConfigurationList = 551FB7AA2B6962660054C482 /* Build configuration list for PBXNativeTarget "CollectionViewTestUITests" */;
			buildPhases = (
				551FB7962B6962660054C482 /* Sources */,
				551FB7972B6962660054C482 /* Frameworks */,
				551FB7982B6962660054C482 /* Resources */,
			);
			buildRules = (
			);
			dependencies = (
				551FB79C2B6962660054C482 /* PBXTargetDependency */,
			);
			name = CollectionViewTestUITests;
			productName = CollectionViewTestUITests;
			productReference = 551FB79A2B6962660054C482 /* CollectionViewTestUITests.xctest */;
			productType = "com.apple.product-type.bundle.ui-testing";
		};
/* End PBXNativeTarget section */

/* Begin PBXProject section */
		551FB76F2B6962630054C482 /* Project object */ = {
			isa = PBXProject;
			attributes = {
				BuildIndependentTargetsInParallel = 1;
				LastSwiftUpdateCheck = 1520;
				LastUpgradeCheck = 1520;
				TargetAttributes = {
					551FB7762B6962630054C482 = {
						CreatedOnToolsVersion = 15.2;
					};
					551FB78F2B6962660054C482 = {
						CreatedOnToolsVersion = 15.2;
						TestTargetID = 551FB7762B6962630054C482;
					};
					551FB7992B6962660054C482 = {
						CreatedOnToolsVersion = 15.2;
						TestTargetID = 551FB7762B6962630054C482;
					};
				};
			};
			buildConfigurationList = 551FB7722B6962630054C482 /* Build configuration list for PBXProject "CollectionViewTest" */;
			compatibilityVersion = "Xcode 14.0";
			developmentRegion = en;
			hasScannedForEncodings = 0;
			knownRegions = (
				en,
				Base,
			);
			mainGroup = 551FB76E2B6962630054C482;
			productRefGroup = 551FB7782B6962630054C482 /* Products */;
			projectDirPath = "";
			projectRoot = "";
			targets = (
				551FB7762B6962630054C482 /* CollectionViewTest */,
				551FB78F2B6962660054C482 /* CollectionViewTestTests */,
				551FB7992B6962660054C482 /* CollectionViewTestUITests */,
			);
		};
/* End PBXProject section */

/* Begin PBXResourcesBuildPhase section */
		551FB7752B6962630054C482 /* Resources */ = {
			isa = PBXResourcesBuildPhase;
			buildActionMask = 2147483647;
			files = (
				551FB78A2B6962650054C482 /* LaunchScreen.storyboard in Resources */,
				551FB7872B6962650054C482 /* Assets.xcassets in Resources */,
				551FB7822B6962630054C482 /* Main.storyboard in Resources */,
				551FB7B22B6963D20054C482 /* CustomCollectionViewCell.xib in Resources */,
			);
			runOnlyForDeploymentPostprocessing = 0;
		};
		551FB78E2B6962660054C482 /* Resources */ = {
			isa = PBXResourcesBuildPhase;
			buildActionMask = 2147483647;
			files = (
			);
			runOnlyForDeploymentPostprocessing = 0;
		};
		551FB7982B6962660054C482 /* Resources */ = {
			isa = PBXResourcesBuildPhase;
			buildActionMask = 2147483647;
			files = (
			);
			runOnlyForDeploymentPostprocessing = 0;
		};
/* End PBXResourcesBuildPhase section */

/* Begin PBXSourcesBuildPhase section */
		551FB7732B6962630054C482 /* Sources */ = {
			isa = PBXSourcesBuildPhase;
			buildActionMask = 2147483647;
			files = (
				551FB77F2B6962630054C482 /* ViewController.swift in Sources */,
				551FB7B12B6963D20054C482 /* CustomCollectionViewCell.swift in Sources */,
				551FB77B2B6962630054C482 /* AppDelegate.swift in Sources */,
				551FB7852B6962630054C482 /* CollectionViewTest.xcdatamodeld in Sources */,
				551FB77D2B6962630054C482 /* SceneDelegate.swift in Sources */,
			);
			runOnlyForDeploymentPostprocessing = 0;
		};
		551FB78C2B6962660054C482 /* Sources */ = {
			isa = PBXSourcesBuildPhase;
			buildActionMask = 2147483647;
			files = (
				551FB7952B6962660054C482 /* CollectionViewTestTests.swift in Sources */,
			);
			runOnlyForDeploymentPostprocessing = 0;
		};
		551FB7962B6962660054C482 /* Sources */ = {
			isa = PBXSourcesBuildPhase;
			buildActionMask = 2147483647;
			files = (
				551FB79F2B6962660054C482 /* CollectionViewTestUITests.swift in Sources */,
				551FB7A12B6962660054C482 /* CollectionViewTestUITestsLaunchTests.swift in Sources */,
			);
			runOnlyForDeploymentPostprocessing = 0;
		};
/* End PBXSourcesBuildPhase section */

/* Begin PBXTargetDependency section */
		551FB7922B6962660054C482 /* PBXTargetDependency */ = {
			isa = PBXTargetDependency;
			target = 551FB7762B6962630054C482 /* CollectionViewTest */;
			targetProxy = 551FB7912B6962660054C482 /* PBXContainerItemProxy */;
		};
		551FB79C2B6962660054C482 /* PBXTargetDependency */ = {
			isa = PBXTargetDependency;
			target = 551FB7762B6962630054C482 /* CollectionViewTest */;
			targetProxy = 551FB79B2B6962660054C482 /* PBXContainerItemProxy */;
		};
/* End PBXTargetDependency section */

/* Begin PBXVariantGroup section */
		551FB7802B6962630054C482 /* Main.storyboard */ = {
			isa = PBXVariantGroup;
			children = (
				551FB7812B6962630054C482 /* Base */,
			);
			name = Main.storyboard;
			sourceTree = "<group>";
		};
		551FB7882B6962650054C482 /* LaunchScreen.storyboard */ = {
			isa = PBXVariantGroup;
			children = (
				551FB7892B6962650054C482 /* Base */,
			);
			name = LaunchScreen.storyboard;
			sourceTree = "<group>";
		};
/* End PBXVariantGroup section */

/* Begin XCBuildConfiguration section */
		551FB7A22B6962660054C482 /* Debug */ = {
			isa = XCBuildConfiguration;
			buildSettings = {
				ALWAYS_SEARCH_USER_PATHS = NO;
				ASSETCATALOG_COMPILER_GENERATE_SWIFT_ASSET_SYMBOL_EXTENSIONS = YES;
				CLANG_ANALYZER_NONNULL = YES;
				CLANG_ANALYZER_NUMBER_OBJECT_CONVERSION = YES_AGGRESSIVE;
				CLANG_CXX_LANGUAGE_STANDARD = "gnu++20";
				CLANG_ENABLE_MODULES = YES;
				CLANG_ENABLE_OBJC_ARC = YES;
				CLANG_ENABLE_OBJC_WEAK = YES;
				CLANG_WARN_BLOCK_CAPTURE_AUTORELEASING = YES;
				CLANG_WARN_BOOL_CONVERSION = YES;
				CLANG_WARN_COMMA = YES;
				CLANG_WARN_CONSTANT_CONVERSION = YES;
				CLANG_WARN_DEPRECATED_OBJC_IMPLEMENTATIONS = YES;
				CLANG_WARN_DIRECT_OBJC_ISA_USAGE = YES_ERROR;
				CLANG_WARN_DOCUMENTATION_COMMENTS = YES;
				CLANG_WARN_EMPTY_BODY = YES;
				CLANG_WARN_ENUM_CONVERSION = YES;
				CLANG_WARN_INFINITE_RECURSION = YES;
				CLANG_WARN_INT_CONVERSION = YES;
				CLANG_WARN_NON_LITERAL_NULL_CONVERSION = YES;
				CLANG_WARN_OBJC_IMPLICIT_RETAIN_SELF = YES;
				CLANG_WARN_OBJC_LITERAL_CONVERSION = YES;
				CLANG_WARN_OBJC_ROOT_CLASS = YES_ERROR;
				CLANG_WARN_QUOTED_INCLUDE_IN_FRAMEWORK_HEADER = YES;
				CLANG_WARN_RANGE_LOOP_ANALYSIS = YES;
				CLANG_WARN_STRICT_PROTOTYPES = YES;
				CLANG_WARN_SUSPICIOUS_MOVE = YES;
				CLANG_WARN_UNGUARDED_AVAILABILITY = YES_AGGRESSIVE;
				CLANG_WARN_UNREACHABLE_CODE = YES;
				CLANG_WARN__DUPLICATE_METHOD_MATCH = YES;
				COPY_PHASE_STRIP = NO;
				DEBUG_INFORMATION_FORMAT = dwarf;
				ENABLE_STRICT_OBJC_MSGSEND = YES;
				ENABLE_TESTABILITY = YES;
				ENABLE_USER_SCRIPT_SANDBOXING = YES;
				GCC_C_LANGUAGE_STANDARD = gnu17;
				GCC_DYNAMIC_NO_PIC = NO;
				GCC_NO_COMMON_BLOCKS = YES;
				GCC_OPTIMIZATION_LEVEL = 0;
				GCC_PREPROCESSOR_DEFINITIONS = (
					"DEBUG=1",
					"$(inherited)",
				);
				GCC_WARN_64_TO_32_BIT_CONVERSION = YES;
				GCC_WARN_ABOUT_RETURN_TYPE = YES_ERROR;
				GCC_WARN_UNDECLARED_SELECTOR = YES;
				GCC_WARN_UNINITIALIZED_AUTOS = YES_AGGRESSIVE;
				GCC_WARN_UNUSED_FUNCTION = YES;
				GCC_WARN_UNUSED_VARIABLE = YES;
				IPHONEOS_DEPLOYMENT_TARGET = 17.2;
				LOCALIZATION_PREFERS_STRING_CATALOGS = YES;
				MTL_ENABLE_DEBUG_INFO = INCLUDE_SOURCE;
				MTL_FAST_MATH = YES;
				ONLY_ACTIVE_ARCH = YES;
				SDKROOT = iphoneos;
				SWIFT_ACTIVE_COMPILATION_CONDITIONS = "DEBUG $(inherited)";
				SWIFT_OPTIMIZATION_LEVEL = "-Onone";
			};
			name = Debug;
		};
		551FB7A32B6962660054C482 /* Release */ = {
			isa = XCBuildConfiguration;
			buildSettings = {
				ALWAYS_SEARCH_USER_PATHS = NO;
				ASSETCATALOG_COMPILER_GENERATE_SWIFT_ASSET_SYMBOL_EXTENSIONS = YES;
				CLANG_ANALYZER_NONNULL = YES;
				CLANG_ANALYZER_NUMBER_OBJECT_CONVERSION = YES_AGGRESSIVE;
				CLANG_CXX_LANGUAGE_STANDARD = "gnu++20";
				CLANG_ENABLE_MODULES = YES;
				CLANG_ENABLE_OBJC_ARC = YES;
				CLANG_ENABLE_OBJC_WEAK = YES;
				CLANG_WARN_BLOCK_CAPTURE_AUTORELEASING = YES;
				CLANG_WARN_BOOL_CONVERSION = YES;
				CLANG_WARN_COMMA = YES;
				CLANG_WARN_CONSTANT_CONVERSION = YES;
				CLANG_WARN_DEPRECATED_OBJC_IMPLEMENTATIONS = YES;
				CLANG_WARN_DIRECT_OBJC_ISA_USAGE = YES_ERROR;
				CLANG_WARN_DOCUMENTATION_COMMENTS = YES;
				CLANG_WARN_EMPTY_BODY = YES;
				CLANG_WARN_ENUM_CONVERSION = YES;
				CLANG_WARN_INFINITE_RECURSION = YES;
				CLANG_WARN_INT_CONVERSION = YES;
				CLANG_WARN_NON_LITERAL_NULL_CONVERSION = YES;
				CLANG_WARN_OBJC_IMPLICIT_RETAIN_SELF = YES;
				CLANG_WARN_OBJC_LITERAL_CONVERSION = YES;
				CLANG_WARN_OBJC_ROOT_CLASS = YES_ERROR;
				CLANG_WARN_QUOTED_INCLUDE_IN_FRAMEWORK_HEADER = YES;
				CLANG_WARN_RANGE_LOOP_ANALYSIS = YES;
				CLANG_WARN_STRICT_PROTOTYPES = YES;
				CLANG_WARN_SUSPICIOUS_MOVE = YES;
				CLANG_WARN_UNGUARDED_AVAILABILITY = YES_AGGRESSIVE;
				CLANG_WARN_UNREACHABLE_CODE = YES;
				CLANG_WARN__DUPLICATE_METHOD_MATCH = YES;
				COPY_PHASE_STRIP = NO;
				DEBUG_INFORMATION_FORMAT = "dwarf-with-dsym";
				ENABLE_NS_ASSERTIONS = NO;
				ENABLE_STRICT_OBJC_MSGSEND = YES;
				ENABLE_USER_SCRIPT_SANDBOXING = YES;
				GCC_C_LANGUAGE_STANDARD = gnu17;
				GCC_NO_COMMON_BLOCKS = YES;
				GCC_WARN_64_TO_32_BIT_CONVERSION = YES;
				GCC_WARN_ABOUT_RETURN_TYPE = YES_ERROR;
				GCC_WARN_UNDECLARED_SELECTOR = YES;
				GCC_WARN_UNINITIALIZED_AUTOS = YES_AGGRESSIVE;
				GCC_WARN_UNUSED_FUNCTION = YES;
				GCC_WARN_UNUSED_VARIABLE = YES;
				IPHONEOS_DEPLOYMENT_TARGET = 17.2;
				LOCALIZATION_PREFERS_STRING_CATALOGS = YES;
				MTL_ENABLE_DEBUG_INFO = NO;
				MTL_FAST_MATH = YES;
				SDKROOT = iphoneos;
				SWIFT_COMPILATION_MODE = wholemodule;
				VALIDATE_PRODUCT = YES;
			};
			name = Release;
		};
		551FB7A52B6962660054C482 /* Debug */ = {
			isa = XCBuildConfiguration;
			buildSettings = {
				ASSETCATALOG_COMPILER_APPICON_NAME = AppIcon;
				ASSETCATALOG_COMPILER_GLOBAL_ACCENT_COLOR_NAME = AccentColor;
				CODE_SIGN_STYLE = Automatic;
				CURRENT_PROJECT_VERSION = 1;
				DEVELOPMENT_TEAM = 538YK27G99;
				GENERATE_INFOPLIST_FILE = YES;
				INFOPLIST_FILE = CollectionViewTest/Info.plist;
				INFOPLIST_KEY_UIApplicationSupportsIndirectInputEvents = YES;
				INFOPLIST_KEY_UILaunchStoryboardName = LaunchScreen;
				INFOPLIST_KEY_UIMainStoryboardFile = Main;
				INFOPLIST_KEY_UISupportedInterfaceOrientations_iPad = "UIInterfaceOrientationPortrait UIInterfaceOrientationPortraitUpsideDown UIInterfaceOrientationLandscapeLeft UIInterfaceOrientationLandscapeRight";
				INFOPLIST_KEY_UISupportedInterfaceOrientations_iPhone = "UIInterfaceOrientationPortrait UIInterfaceOrientationLandscapeLeft UIInterfaceOrientationLandscapeRight";
				LD_RUNPATH_SEARCH_PATHS = (
					"$(inherited)",
					"@executable_path/Frameworks",
				);
				MARKETING_VERSION = 1.0;
				PRODUCT_BUNDLE_IDENTIFIER = com.Alejandro.CollectionViewTest;
				PRODUCT_NAME = "$(TARGET_NAME)";
				SWIFT_EMIT_LOC_STRINGS = YES;
				SWIFT_VERSION = 5.0;
				TARGETED_DEVICE_FAMILY = "1,2";
			};
			name = Debug;
		};
		551FB7A62B6962660054C482 /* Release */ = {
			isa = XCBuildConfiguration;
			buildSettings = {
				ASSETCATALOG_COMPILER_APPICON_NAME = AppIcon;
				ASSETCATALOG_COMPILER_GLOBAL_ACCENT_COLOR_NAME = AccentColor;
				CODE_SIGN_STYLE = Automatic;
				CURRENT_PROJECT_VERSION = 1;
				DEVELOPMENT_TEAM = 538YK27G99;
				GENERATE_INFOPLIST_FILE = YES;
				INFOPLIST_FILE = CollectionViewTest/Info.plist;
				INFOPLIST_KEY_UIApplicationSupportsIndirectInputEvents = YES;
				INFOPLIST_KEY_UILaunchStoryboardName = LaunchScreen;
				INFOPLIST_KEY_UIMainStoryboardFile = Main;
				INFOPLIST_KEY_UISupportedInterfaceOrientations_iPad = "UIInterfaceOrientationPortrait UIInterfaceOrientationPortraitUpsideDown UIInterfaceOrientationLandscapeLeft UIInterfaceOrientationLandscapeRight";
				INFOPLIST_KEY_UISupportedInterfaceOrientations_iPhone = "UIInterfaceOrientationPortrait UIInterfaceOrientationLandscapeLeft UIInterfaceOrientationLandscapeRight";
				LD_RUNPATH_SEARCH_PATHS = (
					"$(inherited)",
					"@executable_path/Frameworks",
				);
				MARKETING_VERSION = 1.0;
				PRODUCT_BUNDLE_IDENTIFIER = com.Alejandro.CollectionViewTest;
				PRODUCT_NAME = "$(TARGET_NAME)";
				SWIFT_EMIT_LOC_STRINGS = YES;
				SWIFT_VERSION = 5.0;
				TARGETED_DEVICE_FAMILY = "1,2";
			};
			name = Release;
		};
		551FB7A82B6962660054C482 /* Debug */ = {
			isa = XCBuildConfiguration;
			buildSettings = {
				ALWAYS_EMBED_SWIFT_STANDARD_LIBRARIES = YES;
				BUNDLE_LOADER = "$(TEST_HOST)";
				CODE_SIGN_STYLE = Automatic;
				CURRENT_PROJECT_VERSION = 1;
				DEVELOPMENT_TEAM = 538YK27G99;
				GENERATE_INFOPLIST_FILE = YES;
				IPHONEOS_DEPLOYMENT_TARGET = 17.2;
				MARKETING_VERSION = 1.0;
				PRODUCT_BUNDLE_IDENTIFIER = com.Alejandro.CollectionViewTestTests;
				PRODUCT_NAME = "$(TARGET_NAME)";
				SWIFT_EMIT_LOC_STRINGS = NO;
				SWIFT_VERSION = 5.0;
				TARGETED_DEVICE_FAMILY = "1,2";
				TEST_HOST = "$(BUILT_PRODUCTS_DIR)/CollectionViewTest.app/$(BUNDLE_EXECUTABLE_FOLDER_PATH)/CollectionViewTest";
			};
			name = Debug;
		};
		551FB7A92B6962660054C482 /* Release */ = {
			isa = XCBuildConfiguration;
			buildSettings = {
				ALWAYS_EMBED_SWIFT_STANDARD_LIBRARIES = YES;
				BUNDLE_LOADER = "$(TEST_HOST)";
				CODE_SIGN_STYLE = Automatic;
				CURRENT_PROJECT_VERSION = 1;
				DEVELOPMENT_TEAM = 538YK27G99;
				GENERATE_INFOPLIST_FILE = YES;
				IPHONEOS_DEPLOYMENT_TARGET = 17.2;
				MARKETING_VERSION = 1.0;
				PRODUCT_BUNDLE_IDENTIFIER = com.Alejandro.CollectionViewTestTests;
				PRODUCT_NAME = "$(TARGET_NAME)";
				SWIFT_EMIT_LOC_STRINGS = NO;
				SWIFT_VERSION = 5.0;
				TARGETED_DEVICE_FAMILY = "1,2";
				TEST_HOST = "$(BUILT_PRODUCTS_DIR)/CollectionViewTest.app/$(BUNDLE_EXECUTABLE_FOLDER_PATH)/CollectionViewTest";
			};
			name = Release;
		};
		551FB7AB2B6962660054C482 /* Debug */ = {
			isa = XCBuildConfiguration;
			buildSettings = {
				ALWAYS_EMBED_SWIFT_STANDARD_LIBRARIES = YES;
				CODE_SIGN_STYLE = Automatic;
				CURRENT_PROJECT_VERSION = 1;
				DEVELOPMENT_TEAM = 538YK27G99;
				GENERATE_INFOPLIST_FILE = YES;
				MARKETING_VERSION = 1.0;
				PRODUCT_BUNDLE_IDENTIFIER = com.Alejandro.CollectionViewTestUITests;
				PRODUCT_NAME = "$(TARGET_NAME)";
				SWIFT_EMIT_LOC_STRINGS = NO;
				SWIFT_VERSION = 5.0;
				TARGETED_DEVICE_FAMILY = "1,2";
				TEST_TARGET_NAME = CollectionViewTest;
			};
			name = Debug;
		};
		551FB7AC2B6962660054C482 /* Release */ = {
			isa = XCBuildConfiguration;
			buildSettings = {
				ALWAYS_EMBED_SWIFT_STANDARD_LIBRARIES = YES;
				CODE_SIGN_STYLE = Automatic;
				CURRENT_PROJECT_VERSION = 1;
				DEVELOPMENT_TEAM = 538YK27G99;
				GENERATE_INFOPLIST_FILE = YES;
				MARKETING_VERSION = 1.0;
				PRODUCT_BUNDLE_IDENTIFIER = com.Alejandro.CollectionViewTestUITests;
				PRODUCT_NAME = "$(TARGET_NAME)";
				SWIFT_EMIT_LOC_STRINGS = NO;
				SWIFT_VERSION = 5.0;
				TARGETED_DEVICE_FAMILY = "1,2";
				TEST_TARGET_NAME = CollectionViewTest;
			};
			name = Release;
		};
/* End XCBuildConfiguration section */

/* Begin XCConfigurationList section */
		551FB7722B6962630054C482 /* Build configuration list for PBXProject "CollectionViewTest" */ = {
			isa = XCConfigurationList;
			buildConfigurations = (
				551FB7A22B6962660054C482 /* Debug */,
				551FB7A32B6962660054C482 /* Release */,
			);
			defaultConfigurationIsVisible = 0;
			defaultConfigurationName = Release;
		};
		551FB7A42B6962660054C482 /* Build configuration list for PBXNativeTarget "CollectionViewTest" */ = {
			isa = XCConfigurationList;
			buildConfigurations = (
				551FB7A52B6962660054C482 /* Debug */,
				551FB7A62B6962660054C482 /* Release */,
			);
			defaultConfigurationIsVisible = 0;
			defaultConfigurationName = Release;
		};
		551FB7A72B6962660054C482 /* Build configuration list for PBXNativeTarget "CollectionViewTestTests" */ = {
			isa = XCConfigurationList;
			buildConfigurations = (
				551FB7A82B6962660054C482 /* Debug */,
				551FB7A92B6962660054C482 /* Release */,
			);
			defaultConfigurationIsVisible = 0;
			defaultConfigurationName = Release;
		};
		551FB7AA2B6962660054C482 /* Build configuration list for PBXNativeTarget "CollectionViewTestUITests" */ = {
			isa = XCConfigurationList;
			buildConfigurations = (
				551FB7AB2B6962660054C482 /* Debug */,
				551FB7AC2B6962660054C482 /* Release */,
			);
			defaultConfigurationIsVisible = 0;
			defaultConfigurationName = Release;
		};
/* End XCConfigurationList section */

/* Begin XCVersionGroup section */
		551FB7832B6962630054C482 /* CollectionViewTest.xcdatamodeld */ = {
			isa = XCVersionGroup;
			children = (
				551FB7842B6962630054C482 /* CollectionViewTest.xcdatamodel */,
			);
			currentVersion = 551FB7842B6962630054C482 /* CollectionViewTest.xcdatamodel */;
			path = CollectionViewTest.xcdatamodeld;
			sourceTree = "<group>";
			versionGroupType = wrapper.xcdatamodel;
		};
/* End XCVersionGroup section */
	};
	rootObject = 551FB76F2B6962630054C482 /* Project object */;
}
